// !$*UTF8*$!
{
	archiveVersion = 1;
	classes = {
	};
	objectVersion = 77;
	objects = {

/* Begin PBXBuildFile section */
		A13820A42E45CB58000D1EF9 /* Font.swift in Sources */ = {isa = PBXBuildFile; fileRef = A138207A2E45CB58000D1EF9 /* Font.swift */; };
		A13820A52E45CB58000D1EF9 /* Dummy.swift in Sources */ = {isa = PBXBuildFile; fileRef = A138207F2E45CB58000D1EF9 /* Dummy.swift */; };
		A13820A62E45CB58000D1EF9 /* Kanji.swift in Sources */ = {isa = PBXBuildFile; fileRef = A13820802E45CB58000D1EF9 /* Kanji.swift */; };
		A13820A72E45CB58000D1EF9 /* StudyLog.swift in Sources */ = {isa = PBXBuildFile; fileRef = A13820812E45CB58000D1EF9 /* StudyLog.swift */; };
		A13820A82E45CB58000D1EF9 /* Word.swift in Sources */ = {isa = PBXBuildFile; fileRef = A13820822E45CB58000D1EF9 /* Word.swift */; };
		A13820A92E45CB58000D1EF9 /* Components.swift in Sources */ = {isa = PBXBuildFile; fileRef = A13820862E45CB58000D1EF9 /* Components.swift */; };
		A13820AA2E45CB58000D1EF9 /* HistoryDetailView.swift in Sources */ = {isa = PBXBuildFile; fileRef = A13820882E45CB58000D1EF9 /* HistoryDetailView.swift */; };
		A13820AB2E45CB58000D1EF9 /* HistoryView.swift in Sources */ = {isa = PBXBuildFile; fileRef = A13820892E45CB58000D1EF9 /* HistoryView.swift */; };
		A13820AC2E45CB58000D1EF9 /* KanjiCardView.swift in Sources */ = {isa = PBXBuildFile; fileRef = A138208B2E45CB58000D1EF9 /* KanjiCardView.swift */; };
		A13820AD2E45CB58000D1EF9 /* MiniKanjiCardView.swift in Sources */ = {isa = PBXBuildFile; fileRef = A138208C2E45CB58000D1EF9 /* MiniKanjiCardView.swift */; };
		A13820AE2E45CB58000D1EF9 /* LearningView.swift in Sources */ = {isa = PBXBuildFile; fileRef = A138208E2E45CB58000D1EF9 /* LearningView.swift */; };
		A13820AF2E45CB58000D1EF9 /* MainView.swift in Sources */ = {isa = PBXBuildFile; fileRef = A13820902E45CB58000D1EF9 /* MainView.swift */; };
		A13820B02E45CB58000D1EF9 /* SettingView.swift in Sources */ = {isa = PBXBuildFile; fileRef = A13820912E45CB58000D1EF9 /* SettingView.swift */; };
		A13820B12E45CB58000D1EF9 /* QuizCardView.swift in Sources */ = {isa = PBXBuildFile; fileRef = A13820932E45CB58000D1EF9 /* QuizCardView.swift */; };
		A13820B22E45CB58000D1EF9 /* QuizGridView.swift in Sources */ = {isa = PBXBuildFile; fileRef = A13820942E45CB58000D1EF9 /* QuizGridView.swift */; };
		A13820B32E45CB58000D1EF9 /* QuizView.swift in Sources */ = {isa = PBXBuildFile; fileRef = A13820952E45CB58000D1EF9 /* QuizView.swift */; };
		A13820B42E45CB58000D1EF9 /* QuizViewModel.swift in Sources */ = {isa = PBXBuildFile; fileRef = A13820962E45CB58000D1EF9 /* QuizViewModel.swift */; };
		A13820B52E45CB58000D1EF9 /* StudyIntroView.swift in Sources */ = {isa = PBXBuildFile; fileRef = A13820982E45CB58000D1EF9 /* StudyIntroView.swift */; };
		A13820B62E45CB58000D1EF9 /* ResultView.swift in Sources */ = {isa = PBXBuildFile; fileRef = A138209A2E45CB58000D1EF9 /* ResultView.swift */; };
		A13820B72E45CB58000D1EF9 /* DataInitializer.swift in Sources */ = {isa = PBXBuildFile; fileRef = A138209C2E45CB58000D1EF9 /* DataInitializer.swift */; };
		A13820B82E45CB58000D1EF9 /* JsonManager.swift in Sources */ = {isa = PBXBuildFile; fileRef = A138209D2E45CB58000D1EF9 /* JsonManager.swift */; };
		A13820B92E45CB58000D1EF9 /* UserInfo.swift in Sources */ = {isa = PBXBuildFile; fileRef = A138209E2E45CB58000D1EF9 /* UserInfo.swift */; };
		A13820BA2E45CB58000D1EF9 /* MunKanjiApp.swift in Sources */ = {isa = PBXBuildFile; fileRef = A13820A22E45CB58000D1EF9 /* MunKanjiApp.swift */; };
		A13820BB2E45CB58000D1EF9 /* Pretendard-Black.otf in Resources */ = {isa = PBXBuildFile; fileRef = A13820702E45CB58000D1EF9 /* Pretendard-Black.otf */; };
		A13820BC2E45CB58000D1EF9 /* Pretendard-Bold.otf in Resources */ = {isa = PBXBuildFile; fileRef = A13820712E45CB58000D1EF9 /* Pretendard-Bold.otf */; };
		A13820BD2E45CB58000D1EF9 /* Pretendard-ExtraBold.otf in Resources */ = {isa = PBXBuildFile; fileRef = A13820722E45CB58000D1EF9 /* Pretendard-ExtraBold.otf */; };
		A13820BE2E45CB58000D1EF9 /* Pretendard-ExtraLight.otf in Resources */ = {isa = PBXBuildFile; fileRef = A13820732E45CB58000D1EF9 /* Pretendard-ExtraLight.otf */; };
		A13820BF2E45CB58000D1EF9 /* Pretendard-Light.otf in Resources */ = {isa = PBXBuildFile; fileRef = A13820742E45CB58000D1EF9 /* Pretendard-Light.otf */; };
		A13820C02E45CB58000D1EF9 /* Pretendard-Medium.otf in Resources */ = {isa = PBXBuildFile; fileRef = A13820752E45CB58000D1EF9 /* Pretendard-Medium.otf */; };
		A13820C12E45CB58000D1EF9 /* Pretendard-Regular.otf in Resources */ = {isa = PBXBuildFile; fileRef = A13820762E45CB58000D1EF9 /* Pretendard-Regular.otf */; };
		A13820C22E45CB58000D1EF9 /* Pretendard-SemiBold.otf in Resources */ = {isa = PBXBuildFile; fileRef = A13820772E45CB58000D1EF9 /* Pretendard-SemiBold.otf */; };
		A13820C32E45CB58000D1EF9 /* Pretendard-Thin.otf in Resources */ = {isa = PBXBuildFile; fileRef = A13820782E45CB58000D1EF9 /* Pretendard-Thin.otf */; };
		A13820C42E45CB58000D1EF9 /* kanji_2136.json in Resources */ = {isa = PBXBuildFile; fileRef = A138207C2E45CB58000D1EF9 /* kanji_2136.json */; };
		A13820C52E45CB58000D1EF9 /* newwords.json in Resources */ = {isa = PBXBuildFile; fileRef = A138207D2E45CB58000D1EF9 /* newwords.json */; };
		A13820C62E45CB58000D1EF9 /* Preview Assets.xcassets in Resources */ = {isa = PBXBuildFile; fileRef = A13820842E45CB58000D1EF9 /* Preview Assets.xcassets */; };
		A13820C72E45CB58000D1EF9 /* Assets.xcassets in Resources */ = {isa = PBXBuildFile; fileRef = A13820A02E45CB58000D1EF9 /* Assets.xcassets */; };
		A13820C92E45CB58000D1EF9 /* kanji_2136.json in Resources */ = {isa = PBXBuildFile; fileRef = A138207C2E45CB58000D1EF9 /* kanji_2136.json */; };
		A13820CA2E45CB58000D1EF9 /* newwords.json in Resources */ = {isa = PBXBuildFile; fileRef = A138207D2E45CB58000D1EF9 /* newwords.json */; };
/* End PBXBuildFile section */

/* Begin PBXContainerItemProxy section */
		A1BE55A42D9AB26A00DE62D6 /* PBXContainerItemProxy */ = {
			isa = PBXContainerItemProxy;
			containerPortal = A18F651C2D93D4A2003C5C6E /* Project object */;
			proxyType = 1;
			remoteGlobalIDString = A18F65232D93D4A2003C5C6E;
			remoteInfo = MunKanji;
		};
/* End PBXContainerItemProxy section */

/* Begin PBXFileReference section */
		A13820702E45CB58000D1EF9 /* Pretendard-Black.otf */ = {isa = PBXFileReference; lastKnownFileType = file; path = "Pretendard-Black.otf"; sourceTree = "<group>"; };
		A13820712E45CB58000D1EF9 /* Pretendard-Bold.otf */ = {isa = PBXFileReference; lastKnownFileType = file; path = "Pretendard-Bold.otf"; sourceTree = "<group>"; };
		A13820722E45CB58000D1EF9 /* Pretendard-ExtraBold.otf */ = {isa = PBXFileReference; lastKnownFileType = file; path = "Pretendard-ExtraBold.otf"; sourceTree = "<group>"; };
		A13820732E45CB58000D1EF9 /* Pretendard-ExtraLight.otf */ = {isa = PBXFileReference; lastKnownFileType = file; path = "Pretendard-ExtraLight.otf"; sourceTree = "<group>"; };
		A13820742E45CB58000D1EF9 /* Pretendard-Light.otf */ = {isa = PBXFileReference; lastKnownFileType = file; path = "Pretendard-Light.otf"; sourceTree = "<group>"; };
		A13820752E45CB58000D1EF9 /* Pretendard-Medium.otf */ = {isa = PBXFileReference; lastKnownFileType = file; path = "Pretendard-Medium.otf"; sourceTree = "<group>"; };
		A13820762E45CB58000D1EF9 /* Pretendard-Regular.otf */ = {isa = PBXFileReference; lastKnownFileType = file; path = "Pretendard-Regular.otf"; sourceTree = "<group>"; };
		A13820772E45CB58000D1EF9 /* Pretendard-SemiBold.otf */ = {isa = PBXFileReference; lastKnownFileType = file; path = "Pretendard-SemiBold.otf"; sourceTree = "<group>"; };
		A13820782E45CB58000D1EF9 /* Pretendard-Thin.otf */ = {isa = PBXFileReference; lastKnownFileType = file; path = "Pretendard-Thin.otf"; sourceTree = "<group>"; };
		A138207A2E45CB58000D1EF9 /* Font.swift */ = {isa = PBXFileReference; lastKnownFileType = sourcecode.swift; path = Font.swift; sourceTree = "<group>"; };
		A138207C2E45CB58000D1EF9 /* kanji_2136.json */ = {isa = PBXFileReference; lastKnownFileType = text.json; path = kanji_2136.json; sourceTree = "<group>"; };
		A138207D2E45CB58000D1EF9 /* newwords.json */ = {isa = PBXFileReference; lastKnownFileType = text.json; path = newwords.json; sourceTree = "<group>"; };
		A138207F2E45CB58000D1EF9 /* Dummy.swift */ = {isa = PBXFileReference; lastKnownFileType = sourcecode.swift; path = Dummy.swift; sourceTree = "<group>"; };
		A13820802E45CB58000D1EF9 /* Kanji.swift */ = {isa = PBXFileReference; lastKnownFileType = sourcecode.swift; path = Kanji.swift; sourceTree = "<group>"; };
		A13820812E45CB58000D1EF9 /* StudyLog.swift */ = {isa = PBXFileReference; lastKnownFileType = sourcecode.swift; path = StudyLog.swift; sourceTree = "<group>"; };
		A13820822E45CB58000D1EF9 /* Word.swift */ = {isa = PBXFileReference; lastKnownFileType = sourcecode.swift; path = Word.swift; sourceTree = "<group>"; };
		A13820842E45CB58000D1EF9 /* Preview Assets.xcassets */ = {isa = PBXFileReference; lastKnownFileType = folder.assetcatalog; path = "Preview Assets.xcassets"; sourceTree = "<group>"; };
		A13820862E45CB58000D1EF9 /* Components.swift */ = {isa = PBXFileReference; lastKnownFileType = sourcecode.swift; path = Components.swift; sourceTree = "<group>"; };
		A13820882E45CB58000D1EF9 /* HistoryDetailView.swift */ = {isa = PBXFileReference; lastKnownFileType = sourcecode.swift; path = HistoryDetailView.swift; sourceTree = "<group>"; };
		A13820892E45CB58000D1EF9 /* HistoryView.swift */ = {isa = PBXFileReference; lastKnownFileType = sourcecode.swift; path = HistoryView.swift; sourceTree = "<group>"; };
		A138208B2E45CB58000D1EF9 /* KanjiCardView.swift */ = {isa = PBXFileReference; lastKnownFileType = sourcecode.swift; path = KanjiCardView.swift; sourceTree = "<group>"; };
		A138208C2E45CB58000D1EF9 /* MiniKanjiCardView.swift */ = {isa = PBXFileReference; lastKnownFileType = sourcecode.swift; path = MiniKanjiCardView.swift; sourceTree = "<group>"; };
		A138208E2E45CB58000D1EF9 /* LearningView.swift */ = {isa = PBXFileReference; lastKnownFileType = sourcecode.swift; path = LearningView.swift; sourceTree = "<group>"; };
		A13820902E45CB58000D1EF9 /* MainView.swift */ = {isa = PBXFileReference; lastKnownFileType = sourcecode.swift; path = MainView.swift; sourceTree = "<group>"; };
		A13820912E45CB58000D1EF9 /* SettingView.swift */ = {isa = PBXFileReference; lastKnownFileType = sourcecode.swift; path = SettingView.swift; sourceTree = "<group>"; };
		A13820932E45CB58000D1EF9 /* QuizCardView.swift */ = {isa = PBXFileReference; lastKnownFileType = sourcecode.swift; path = QuizCardView.swift; sourceTree = "<group>"; };
		A13820942E45CB58000D1EF9 /* QuizGridView.swift */ = {isa = PBXFileReference; lastKnownFileType = sourcecode.swift; path = QuizGridView.swift; sourceTree = "<group>"; };
		A13820952E45CB58000D1EF9 /* QuizView.swift */ = {isa = PBXFileReference; lastKnownFileType = sourcecode.swift; path = QuizView.swift; sourceTree = "<group>"; };
		A13820962E45CB58000D1EF9 /* QuizViewModel.swift */ = {isa = PBXFileReference; lastKnownFileType = sourcecode.swift; path = QuizViewModel.swift; sourceTree = "<group>"; };
		A13820982E45CB58000D1EF9 /* StudyIntroView.swift */ = {isa = PBXFileReference; lastKnownFileType = sourcecode.swift; path = StudyIntroView.swift; sourceTree = "<group>"; };
		A138209A2E45CB58000D1EF9 /* ResultView.swift */ = {isa = PBXFileReference; lastKnownFileType = sourcecode.swift; path = ResultView.swift; sourceTree = "<group>"; };
		A138209C2E45CB58000D1EF9 /* DataInitializer.swift */ = {isa = PBXFileReference; lastKnownFileType = sourcecode.swift; path = DataInitializer.swift; sourceTree = "<group>"; };
		A138209D2E45CB58000D1EF9 /* JsonManager.swift */ = {isa = PBXFileReference; lastKnownFileType = sourcecode.swift; path = JsonManager.swift; sourceTree = "<group>"; };
		A138209E2E45CB58000D1EF9 /* UserInfo.swift */ = {isa = PBXFileReference; lastKnownFileType = sourcecode.swift; path = UserInfo.swift; sourceTree = "<group>"; };
		A13820A02E45CB58000D1EF9 /* Assets.xcassets */ = {isa = PBXFileReference; lastKnownFileType = folder.assetcatalog; path = Assets.xcassets; sourceTree = "<group>"; };
		A13820A12E45CB58000D1EF9 /* Info.plist */ = {isa = PBXFileReference; lastKnownFileType = text.plist.xml; path = Info.plist; sourceTree = "<group>"; };
		A13820A22E45CB58000D1EF9 /* MunKanjiApp.swift */ = {isa = PBXFileReference; lastKnownFileType = sourcecode.swift; path = MunKanjiApp.swift; sourceTree = "<group>"; };
		A18F65242D93D4A2003C5C6E /* MunKanji.app */ = {isa = PBXFileReference; explicitFileType = wrapper.application; includeInIndex = 0; path = MunKanji.app; sourceTree = BUILT_PRODUCTS_DIR; };
		A1BE55A02D9AB26A00DE62D6 /* MunKanjiTests.xctest */ = {isa = PBXFileReference; explicitFileType = wrapper.cfbundle; includeInIndex = 0; path = MunKanjiTests.xctest; sourceTree = BUILT_PRODUCTS_DIR; };
/* End PBXFileReference section */

/* Begin PBXFileSystemSynchronizedRootGroup section */
		A1BE55A12D9AB26A00DE62D6 /* MunKanjiTests */ = {
			isa = PBXFileSystemSynchronizedRootGroup;
			path = MunKanjiTests;
			sourceTree = "<group>";
		};
/* End PBXFileSystemSynchronizedRootGroup section */

/* Begin PBXFrameworksBuildPhase section */
		A18F65212D93D4A2003C5C6E /* Frameworks */ = {
			isa = PBXFrameworksBuildPhase;
			buildActionMask = 2147483647;
			files = (
			);
			runOnlyForDeploymentPostprocessing = 0;
		};
		A1BE559D2D9AB26A00DE62D6 /* Frameworks */ = {
			isa = PBXFrameworksBuildPhase;
			buildActionMask = 2147483647;
			files = (
			);
			runOnlyForDeploymentPostprocessing = 0;
		};
/* End PBXFrameworksBuildPhase section */

/* Begin PBXGroup section */
		A13820792E45CB58000D1EF9 /* static */ = {
			isa = PBXGroup;
			children = (
				A13820702E45CB58000D1EF9 /* Pretendard-Black.otf */,
				A13820712E45CB58000D1EF9 /* Pretendard-Bold.otf */,
				A13820722E45CB58000D1EF9 /* Pretendard-ExtraBold.otf */,
				A13820732E45CB58000D1EF9 /* Pretendard-ExtraLight.otf */,
				A13820742E45CB58000D1EF9 /* Pretendard-Light.otf */,
				A13820752E45CB58000D1EF9 /* Pretendard-Medium.otf */,
				A13820762E45CB58000D1EF9 /* Pretendard-Regular.otf */,
				A13820772E45CB58000D1EF9 /* Pretendard-SemiBold.otf */,
				A13820782E45CB58000D1EF9 /* Pretendard-Thin.otf */,
			);
			path = static;
			sourceTree = "<group>";
		};
		A138207B2E45CB58000D1EF9 /* Font */ = {
			isa = PBXGroup;
			children = (
				A13820792E45CB58000D1EF9 /* static */,
				A138207A2E45CB58000D1EF9 /* Font.swift */,
			);
			path = Font;
			sourceTree = "<group>";
		};
		A138207E2E45CB58000D1EF9 /* Json */ = {
			isa = PBXGroup;
			children = (
				A138207C2E45CB58000D1EF9 /* kanji_2136.json */,
				A138207D2E45CB58000D1EF9 /* newwords.json */,
			);
			path = Json;
			sourceTree = "<group>";
		};
		A13820832E45CB58000D1EF9 /* Models */ = {
			isa = PBXGroup;
			children = (
				A138207F2E45CB58000D1EF9 /* Dummy.swift */,
				A13820802E45CB58000D1EF9 /* Kanji.swift */,
				A13820812E45CB58000D1EF9 /* StudyLog.swift */,
				A13820822E45CB58000D1EF9 /* Word.swift */,
			);
			path = Models;
			sourceTree = "<group>";
		};
		A13820852E45CB58000D1EF9 /* Preview Content */ = {
			isa = PBXGroup;
			children = (
				A13820842E45CB58000D1EF9 /* Preview Assets.xcassets */,
			);
			path = "Preview Content";
			sourceTree = "<group>";
		};
		A13820872E45CB58000D1EF9 /* Components */ = {
			isa = PBXGroup;
			children = (
				A13820862E45CB58000D1EF9 /* Components.swift */,
			);
			path = Components;
			sourceTree = "<group>";
		};
		A138208A2E45CB58000D1EF9 /* HistoryView */ = {
			isa = PBXGroup;
			children = (
				A13820882E45CB58000D1EF9 /* HistoryDetailView.swift */,
				A13820892E45CB58000D1EF9 /* HistoryView.swift */,
			);
			path = HistoryView;
			sourceTree = "<group>";
		};
		A138208D2E45CB58000D1EF9 /* KanjiCardView */ = {
			isa = PBXGroup;
			children = (
				A138208B2E45CB58000D1EF9 /* KanjiCardView.swift */,
				A138208C2E45CB58000D1EF9 /* MiniKanjiCardView.swift */,
			);
			path = KanjiCardView;
			sourceTree = "<group>";
		};
		A138208F2E45CB58000D1EF9 /* LearningView */ = {
			isa = PBXGroup;
			children = (
				A138208E2E45CB58000D1EF9 /* LearningView.swift */,
			);
			path = LearningView;
			sourceTree = "<group>";
		};
		A13820922E45CB58000D1EF9 /* MainView */ = {
			isa = PBXGroup;
			children = (
				A13820902E45CB58000D1EF9 /* MainView.swift */,
				A13820912E45CB58000D1EF9 /* SettingView.swift */,
			);
			path = MainView;
			sourceTree = "<group>";
		};
		A13820972E45CB58000D1EF9 /* QuizView */ = {
			isa = PBXGroup;
			children = (
				A13820932E45CB58000D1EF9 /* QuizCardView.swift */,
				A13820942E45CB58000D1EF9 /* QuizGridView.swift */,
				A13820952E45CB58000D1EF9 /* QuizView.swift */,
				A13820962E45CB58000D1EF9 /* QuizViewModel.swift */,
			);
			path = QuizView;
			sourceTree = "<group>";
		};
		A13820992E45CB58000D1EF9 /* StudyIntroView */ = {
			isa = PBXGroup;
			children = (
				A13820982E45CB58000D1EF9 /* StudyIntroView.swift */,
			);
			path = StudyIntroView;
			sourceTree = "<group>";
		};
		A138209B2E45CB58000D1EF9 /* UI */ = {
			isa = PBXGroup;
			children = (
				A13820CB2E45CBEE000D1EF9 /* SubView */,
				A13820922E45CB58000D1EF9 /* MainView */,
				A13820992E45CB58000D1EF9 /* StudyIntroView */,
				A138208F2E45CB58000D1EF9 /* LearningView */,
				A13820972E45CB58000D1EF9 /* QuizView */,
				A13820CC2E45CC05000D1EF9 /* ResultView */,
				A138208A2E45CB58000D1EF9 /* HistoryView */,
			);
			path = UI;
			sourceTree = "<group>";
		};
		A138209F2E45CB58000D1EF9 /* Util */ = {
			isa = PBXGroup;
			children = (
				A138209C2E45CB58000D1EF9 /* DataInitializer.swift */,
				A138209D2E45CB58000D1EF9 /* JsonManager.swift */,
				A138209E2E45CB58000D1EF9 /* UserInfo.swift */,
			);
			path = Util;
			sourceTree = "<group>";
		};
		A13820A32E45CB58000D1EF9 /* MunKanji */ = {
			isa = PBXGroup;
			children = (
				A138207B2E45CB58000D1EF9 /* Font */,
				A138207E2E45CB58000D1EF9 /* Json */,
				A13820832E45CB58000D1EF9 /* Models */,
				A138209B2E45CB58000D1EF9 /* UI */,
				A138209F2E45CB58000D1EF9 /* Util */,
				A13820852E45CB58000D1EF9 /* Preview Content */,
				A13820A02E45CB58000D1EF9 /* Assets.xcassets */,
				A13820A12E45CB58000D1EF9 /* Info.plist */,
				A13820A22E45CB58000D1EF9 /* MunKanjiApp.swift */,
			);
			path = MunKanji;
			sourceTree = "<group>";
		};
		A13820CB2E45CBEE000D1EF9 /* SubView */ = {
			isa = PBXGroup;
			children = (
				A13820872E45CB58000D1EF9 /* Components */,
				A138208D2E45CB58000D1EF9 /* KanjiCardView */,
			);
			path = SubView;
			sourceTree = "<group>";
		};
		A13820CC2E45CC05000D1EF9 /* ResultView */ = {
			isa = PBXGroup;
			children = (
				A138209A2E45CB58000D1EF9 /* ResultView.swift */,
			);
			path = ResultView;
			sourceTree = "<group>";
		};
		A18F651B2D93D4A2003C5C6E = {
			isa = PBXGroup;
			children = (
				A13820A32E45CB58000D1EF9 /* MunKanji */,
				A1BE55A12D9AB26A00DE62D6 /* MunKanjiTests */,
				A18F65252D93D4A2003C5C6E /* Products */,
			);
			sourceTree = "<group>";
		};
		A18F65252D93D4A2003C5C6E /* Products */ = {
			isa = PBXGroup;
			children = (
				A18F65242D93D4A2003C5C6E /* MunKanji.app */,
				A1BE55A02D9AB26A00DE62D6 /* MunKanjiTests.xctest */,
			);
			name = Products;
			sourceTree = "<group>";
		};
/* End PBXGroup section */

/* Begin PBXNativeTarget section */
		A18F65232D93D4A2003C5C6E /* MunKanji */ = {
			isa = PBXNativeTarget;
			buildConfigurationList = A18F65322D93D4A3003C5C6E /* Build configuration list for PBXNativeTarget "MunKanji" */;
			buildPhases = (
				A18F65202D93D4A2003C5C6E /* Sources */,
				A18F65212D93D4A2003C5C6E /* Frameworks */,
				A18F65222D93D4A2003C5C6E /* Resources */,
			);
			buildRules = (
			);
			dependencies = (
			);
			name = MunKanji;
			packageProductDependencies = (
			);
			productName = MunKanji;
			productReference = A18F65242D93D4A2003C5C6E /* MunKanji.app */;
			productType = "com.apple.product-type.application";
		};
		A1BE559F2D9AB26A00DE62D6 /* MunKanjiTests */ = {
			isa = PBXNativeTarget;
			buildConfigurationList = A1BE55A62D9AB26A00DE62D6 /* Build configuration list for PBXNativeTarget "MunKanjiTests" */;
			buildPhases = (
				A1BE559C2D9AB26A00DE62D6 /* Sources */,
				A1BE559D2D9AB26A00DE62D6 /* Frameworks */,
				A1BE559E2D9AB26A00DE62D6 /* Resources */,
			);
			buildRules = (
			);
			dependencies = (
				A1BE55A52D9AB26A00DE62D6 /* PBXTargetDependency */,
			);
			fileSystemSynchronizedGroups = (
				A1BE55A12D9AB26A00DE62D6 /* MunKanjiTests */,
			);
			name = MunKanjiTests;
			packageProductDependencies = (
			);
			productName = MunKanjiTests;
			productReference = A1BE55A02D9AB26A00DE62D6 /* MunKanjiTests.xctest */;
			productType = "com.apple.product-type.bundle.unit-test";
		};
/* End PBXNativeTarget section */

/* Begin PBXProject section */
		A18F651C2D93D4A2003C5C6E /* Project object */ = {
			isa = PBXProject;
			attributes = {
				BuildIndependentTargetsInParallel = 1;
				LastSwiftUpdateCheck = 1620;
				LastUpgradeCheck = 1620;
				TargetAttributes = {
					A18F65232D93D4A2003C5C6E = {
						CreatedOnToolsVersion = 16.2;
					};
					A1BE559F2D9AB26A00DE62D6 = {
						CreatedOnToolsVersion = 16.2;
						TestTargetID = A18F65232D93D4A2003C5C6E;
					};
				};
			};
			buildConfigurationList = A18F651F2D93D4A2003C5C6E /* Build configuration list for PBXProject "MunKanji" */;
			developmentRegion = en;
			hasScannedForEncodings = 0;
			knownRegions = (
				en,
				Base,
			);
			mainGroup = A18F651B2D93D4A2003C5C6E;
			minimizedProjectReferenceProxies = 1;
			preferredProjectObjectVersion = 77;
			productRefGroup = A18F65252D93D4A2003C5C6E /* Products */;
			projectDirPath = "";
			projectRoot = "";
			targets = (
				A18F65232D93D4A2003C5C6E /* MunKanji */,
				A1BE559F2D9AB26A00DE62D6 /* MunKanjiTests */,
			);
		};
/* End PBXProject section */

/* Begin PBXResourcesBuildPhase section */
		A18F65222D93D4A2003C5C6E /* Resources */ = {
			isa = PBXResourcesBuildPhase;
			buildActionMask = 2147483647;
			files = (
				A13820BB2E45CB58000D1EF9 /* Pretendard-Black.otf in Resources */,
				A13820BC2E45CB58000D1EF9 /* Pretendard-Bold.otf in Resources */,
				A13820BD2E45CB58000D1EF9 /* Pretendard-ExtraBold.otf in Resources */,
				A13820BE2E45CB58000D1EF9 /* Pretendard-ExtraLight.otf in Resources */,
				A13820BF2E45CB58000D1EF9 /* Pretendard-Light.otf in Resources */,
				A13820C02E45CB58000D1EF9 /* Pretendard-Medium.otf in Resources */,
				A13820C12E45CB58000D1EF9 /* Pretendard-Regular.otf in Resources */,
				A13820C22E45CB58000D1EF9 /* Pretendard-SemiBold.otf in Resources */,
				A13820C32E45CB58000D1EF9 /* Pretendard-Thin.otf in Resources */,
				A13820C42E45CB58000D1EF9 /* kanji_2136.json in Resources */,
				A13820C52E45CB58000D1EF9 /* newwords.json in Resources */,
				A13820C62E45CB58000D1EF9 /* Preview Assets.xcassets in Resources */,
				A13820C72E45CB58000D1EF9 /* Assets.xcassets in Resources */,
			);
			runOnlyForDeploymentPostprocessing = 0;
		};
		A1BE559E2D9AB26A00DE62D6 /* Resources */ = {
			isa = PBXResourcesBuildPhase;
			buildActionMask = 2147483647;
			files = (
				A13820C92E45CB58000D1EF9 /* kanji_2136.json in Resources */,
				A13820CA2E45CB58000D1EF9 /* newwords.json in Resources */,
			);
			runOnlyForDeploymentPostprocessing = 0;
		};
/* End PBXResourcesBuildPhase section */

/* Begin PBXSourcesBuildPhase section */
		A18F65202D93D4A2003C5C6E /* Sources */ = {
			isa = PBXSourcesBuildPhase;
			buildActionMask = 2147483647;
			files = (
				A13820A42E45CB58000D1EF9 /* Font.swift in Sources */,
				A13820A52E45CB58000D1EF9 /* Dummy.swift in Sources */,
				A13820A62E45CB58000D1EF9 /* Kanji.swift in Sources */,
				A13820A72E45CB58000D1EF9 /* StudyLog.swift in Sources */,
				A13820A82E45CB58000D1EF9 /* Word.swift in Sources */,
				A13820A92E45CB58000D1EF9 /* Components.swift in Sources */,
				A13820AA2E45CB58000D1EF9 /* HistoryDetailView.swift in Sources */,
				A13820AB2E45CB58000D1EF9 /* HistoryView.swift in Sources */,
				A13820AC2E45CB58000D1EF9 /* KanjiCardView.swift in Sources */,
				A13820AD2E45CB58000D1EF9 /* MiniKanjiCardView.swift in Sources */,
				A13820AE2E45CB58000D1EF9 /* LearningView.swift in Sources */,
				A13820AF2E45CB58000D1EF9 /* MainView.swift in Sources */,
				A13820B02E45CB58000D1EF9 /* SettingView.swift in Sources */,
				A13820B12E45CB58000D1EF9 /* QuizCardView.swift in Sources */,
				A13820B22E45CB58000D1EF9 /* QuizGridView.swift in Sources */,
				A13820B32E45CB58000D1EF9 /* QuizView.swift in Sources */,
				A13820B42E45CB58000D1EF9 /* QuizViewModel.swift in Sources */,
				A13820B52E45CB58000D1EF9 /* StudyIntroView.swift in Sources */,
				A13820B62E45CB58000D1EF9 /* ResultView.swift in Sources */,
				A13820B72E45CB58000D1EF9 /* DataInitializer.swift in Sources */,
				A13820B82E45CB58000D1EF9 /* JsonManager.swift in Sources */,
				A13820B92E45CB58000D1EF9 /* UserInfo.swift in Sources */,
				A13820BA2E45CB58000D1EF9 /* MunKanjiApp.swift in Sources */,
			);
			runOnlyForDeploymentPostprocessing = 0;
		};
		A1BE559C2D9AB26A00DE62D6 /* Sources */ = {
			isa = PBXSourcesBuildPhase;
			buildActionMask = 2147483647;
			files = (
			);
			runOnlyForDeploymentPostprocessing = 0;
		};
/* End PBXSourcesBuildPhase section */

/* Begin PBXTargetDependency section */
		A1BE55A52D9AB26A00DE62D6 /* PBXTargetDependency */ = {
			isa = PBXTargetDependency;
			target = A18F65232D93D4A2003C5C6E /* MunKanji */;
			targetProxy = A1BE55A42D9AB26A00DE62D6 /* PBXContainerItemProxy */;
		};
/* End PBXTargetDependency section */

/* Begin XCBuildConfiguration section */
		A18F65302D93D4A3003C5C6E /* Debug */ = {
			isa = XCBuildConfiguration;
			buildSettings = {
				ALWAYS_SEARCH_USER_PATHS = NO;
				ASSETCATALOG_COMPILER_GENERATE_SWIFT_ASSET_SYMBOL_EXTENSIONS = YES;
				CLANG_ANALYZER_NONNULL = YES;
				CLANG_ANALYZER_NUMBER_OBJECT_CONVERSION = YES_AGGRESSIVE;
				CLANG_CXX_LANGUAGE_STANDARD = "gnu++20";
				CLANG_ENABLE_MODULES = YES;
				CLANG_ENABLE_OBJC_ARC = YES;
				CLANG_ENABLE_OBJC_WEAK = YES;
				CLANG_WARN_BLOCK_CAPTURE_AUTORELEASING = YES;
				CLANG_WARN_BOOL_CONVERSION = YES;
				CLANG_WARN_COMMA = YES;
				CLANG_WARN_CONSTANT_CONVERSION = YES;
				CLANG_WARN_DEPRECATED_OBJC_IMPLEMENTATIONS = YES;
				CLANG_WARN_DIRECT_OBJC_ISA_USAGE = YES_ERROR;
				CLANG_WARN_DOCUMENTATION_COMMENTS = YES;
				CLANG_WARN_EMPTY_BODY = YES;
				CLANG_WARN_ENUM_CONVERSION = YES;
				CLANG_WARN_INFINITE_RECURSION = YES;
				CLANG_WARN_INT_CONVERSION = YES;
				CLANG_WARN_NON_LITERAL_NULL_CONVERSION = YES;
				CLANG_WARN_OBJC_IMPLICIT_RETAIN_SELF = YES;
				CLANG_WARN_OBJC_LITERAL_CONVERSION = YES;
				CLANG_WARN_OBJC_ROOT_CLASS = YES_ERROR;
				CLANG_WARN_QUOTED_INCLUDE_IN_FRAMEWORK_HEADER = YES;
				CLANG_WARN_RANGE_LOOP_ANALYSIS = YES;
				CLANG_WARN_STRICT_PROTOTYPES = YES;
				CLANG_WARN_SUSPICIOUS_MOVE = YES;
				CLANG_WARN_UNGUARDED_AVAILABILITY = YES_AGGRESSIVE;
				CLANG_WARN_UNREACHABLE_CODE = YES;
				CLANG_WARN__DUPLICATE_METHOD_MATCH = YES;
				COPY_PHASE_STRIP = NO;
				DEBUG_INFORMATION_FORMAT = dwarf;
				ENABLE_STRICT_OBJC_MSGSEND = YES;
				ENABLE_TESTABILITY = YES;
				ENABLE_USER_SCRIPT_SANDBOXING = YES;
				GCC_C_LANGUAGE_STANDARD = gnu17;
				GCC_DYNAMIC_NO_PIC = NO;
				GCC_NO_COMMON_BLOCKS = YES;
				GCC_OPTIMIZATION_LEVEL = 0;
				GCC_PREPROCESSOR_DEFINITIONS = (
					"DEBUG=1",
					"$(inherited)",
				);
				GCC_WARN_64_TO_32_BIT_CONVERSION = YES;
				GCC_WARN_ABOUT_RETURN_TYPE = YES_ERROR;
				GCC_WARN_UNDECLARED_SELECTOR = YES;
				GCC_WARN_UNINITIALIZED_AUTOS = YES_AGGRESSIVE;
				GCC_WARN_UNUSED_FUNCTION = YES;
				GCC_WARN_UNUSED_VARIABLE = YES;
				IPHONEOS_DEPLOYMENT_TARGET = 18.2;
				LOCALIZATION_PREFERS_STRING_CATALOGS = YES;
				MTL_ENABLE_DEBUG_INFO = INCLUDE_SOURCE;
				MTL_FAST_MATH = YES;
				ONLY_ACTIVE_ARCH = YES;
				SDKROOT = iphoneos;
				SWIFT_ACTIVE_COMPILATION_CONDITIONS = "DEBUG $(inherited)";
				SWIFT_OPTIMIZATION_LEVEL = "-Onone";
			};
			name = Debug;
		};
		A18F65312D93D4A3003C5C6E /* Release */ = {
			isa = XCBuildConfiguration;
			buildSettings = {
				ALWAYS_SEARCH_USER_PATHS = NO;
				ASSETCATALOG_COMPILER_GENERATE_SWIFT_ASSET_SYMBOL_EXTENSIONS = YES;
				CLANG_ANALYZER_NONNULL = YES;
				CLANG_ANALYZER_NUMBER_OBJECT_CONVERSION = YES_AGGRESSIVE;
				CLANG_CXX_LANGUAGE_STANDARD = "gnu++20";
				CLANG_ENABLE_MODULES = YES;
				CLANG_ENABLE_OBJC_ARC = YES;
				CLANG_ENABLE_OBJC_WEAK = YES;
				CLANG_WARN_BLOCK_CAPTURE_AUTORELEASING = YES;
				CLANG_WARN_BOOL_CONVERSION = YES;
				CLANG_WARN_COMMA = YES;
				CLANG_WARN_CONSTANT_CONVERSION = YES;
				CLANG_WARN_DEPRECATED_OBJC_IMPLEMENTATIONS = YES;
				CLANG_WARN_DIRECT_OBJC_ISA_USAGE = YES_ERROR;
				CLANG_WARN_DOCUMENTATION_COMMENTS = YES;
				CLANG_WARN_EMPTY_BODY = YES;
				CLANG_WARN_ENUM_CONVERSION = YES;
				CLANG_WARN_INFINITE_RECURSION = YES;
				CLANG_WARN_INT_CONVERSION = YES;
				CLANG_WARN_NON_LITERAL_NULL_CONVERSION = YES;
				CLANG_WARN_OBJC_IMPLICIT_RETAIN_SELF = YES;
				CLANG_WARN_OBJC_LITERAL_CONVERSION = YES;
				CLANG_WARN_OBJC_ROOT_CLASS = YES_ERROR;
				CLANG_WARN_QUOTED_INCLUDE_IN_FRAMEWORK_HEADER = YES;
				CLANG_WARN_RANGE_LOOP_ANALYSIS = YES;
				CLANG_WARN_STRICT_PROTOTYPES = YES;
				CLANG_WARN_SUSPICIOUS_MOVE = YES;
				CLANG_WARN_UNGUARDED_AVAILABILITY = YES_AGGRESSIVE;
				CLANG_WARN_UNREACHABLE_CODE = YES;
				CLANG_WARN__DUPLICATE_METHOD_MATCH = YES;
				COPY_PHASE_STRIP = NO;
				DEBUG_INFORMATION_FORMAT = "dwarf-with-dsym";
				ENABLE_NS_ASSERTIONS = NO;
				ENABLE_STRICT_OBJC_MSGSEND = YES;
				ENABLE_USER_SCRIPT_SANDBOXING = YES;
				GCC_C_LANGUAGE_STANDARD = gnu17;
				GCC_NO_COMMON_BLOCKS = YES;
				GCC_WARN_64_TO_32_BIT_CONVERSION = YES;
				GCC_WARN_ABOUT_RETURN_TYPE = YES_ERROR;
				GCC_WARN_UNDECLARED_SELECTOR = YES;
				GCC_WARN_UNINITIALIZED_AUTOS = YES_AGGRESSIVE;
				GCC_WARN_UNUSED_FUNCTION = YES;
				GCC_WARN_UNUSED_VARIABLE = YES;
				IPHONEOS_DEPLOYMENT_TARGET = 18.2;
				LOCALIZATION_PREFERS_STRING_CATALOGS = YES;
				MTL_ENABLE_DEBUG_INFO = NO;
				MTL_FAST_MATH = YES;
				SDKROOT = iphoneos;
				SWIFT_COMPILATION_MODE = wholemodule;
				VALIDATE_PRODUCT = YES;
			};
			name = Release;
		};
		A18F65332D93D4A3003C5C6E /* Debug */ = {
			isa = XCBuildConfiguration;
			buildSettings = {
				ASSETCATALOG_COMPILER_APPICON_NAME = AppIcon;
				ASSETCATALOG_COMPILER_GLOBAL_ACCENT_COLOR_NAME = AccentColor;
				CODE_SIGN_STYLE = Automatic;
				CURRENT_PROJECT_VERSION = 1;
				DEVELOPMENT_ASSET_PATHS = "\"MunKanji/Preview Content\"";
				DEVELOPMENT_TEAM = 8FKM9FB4PH;
				ENABLE_PREVIEWS = YES;
				GENERATE_INFOPLIST_FILE = YES;
				INFOPLIST_FILE = MunKanji/Info.plist;
				INFOPLIST_KEY_CFBundleDisplayName = "문칸지";
				INFOPLIST_KEY_UIApplicationSceneManifest_Generation = YES;
				INFOPLIST_KEY_UIApplicationSupportsIndirectInputEvents = YES;
				INFOPLIST_KEY_UILaunchScreen_Generation = YES;
				INFOPLIST_KEY_UISupportedInterfaceOrientations_iPad = "UIInterfaceOrientationPortrait UIInterfaceOrientationPortraitUpsideDown UIInterfaceOrientationLandscapeLeft UIInterfaceOrientationLandscapeRight";
				INFOPLIST_KEY_UISupportedInterfaceOrientations_iPhone = "UIInterfaceOrientationPortrait UIInterfaceOrientationLandscapeLeft UIInterfaceOrientationLandscapeRight";
				LD_RUNPATH_SEARCH_PATHS = (
					"$(inherited)",
					"@executable_path/Frameworks",
				);
				MARKETING_VERSION = 1.2.0;
				PRODUCT_BUNDLE_IDENTIFIER = project.MunKanji;
				PRODUCT_NAME = "$(TARGET_NAME)";
				SUPPORTED_PLATFORMS = "iphoneos iphonesimulator";
				SUPPORTS_MACCATALYST = NO;
				SUPPORTS_MAC_DESIGNED_FOR_IPHONE_IPAD = NO;
				SUPPORTS_XR_DESIGNED_FOR_IPHONE_IPAD = NO;
				SWIFT_EMIT_LOC_STRINGS = YES;
				SWIFT_VERSION = 5.0;
				TARGETED_DEVICE_FAMILY = 1;
			};
			name = Debug;
		};
		A18F65342D93D4A3003C5C6E /* Release */ = {
			isa = XCBuildConfiguration;
			buildSettings = {
				ASSETCATALOG_COMPILER_APPICON_NAME = AppIcon;
				ASSETCATALOG_COMPILER_GLOBAL_ACCENT_COLOR_NAME = AccentColor;
				CODE_SIGN_STYLE = Automatic;
				CURRENT_PROJECT_VERSION = 1;
				DEVELOPMENT_ASSET_PATHS = "\"MunKanji/Preview Content\"";
				DEVELOPMENT_TEAM = 8FKM9FB4PH;
				ENABLE_PREVIEWS = YES;
				GENERATE_INFOPLIST_FILE = YES;
				INFOPLIST_FILE = MunKanji/Info.plist;
				INFOPLIST_KEY_CFBundleDisplayName = "문칸지";
				INFOPLIST_KEY_UIApplicationSceneManifest_Generation = YES;
				INFOPLIST_KEY_UIApplicationSupportsIndirectInputEvents = YES;
				INFOPLIST_KEY_UILaunchScreen_Generation = YES;
				INFOPLIST_KEY_UISupportedInterfaceOrientations_iPad = "UIInterfaceOrientationPortrait UIInterfaceOrientationPortraitUpsideDown UIInterfaceOrientationLandscapeLeft UIInterfaceOrientationLandscapeRight";
				INFOPLIST_KEY_UISupportedInterfaceOrientations_iPhone = "UIInterfaceOrientationPortrait UIInterfaceOrientationLandscapeLeft UIInterfaceOrientationLandscapeRight";
				LD_RUNPATH_SEARCH_PATHS = (
					"$(inherited)",
					"@executable_path/Frameworks",
				);
				MARKETING_VERSION = 1.2.0;
				PRODUCT_BUNDLE_IDENTIFIER = project.MunKanji;
				PRODUCT_NAME = "$(TARGET_NAME)";
				SUPPORTED_PLATFORMS = "iphoneos iphonesimulator";
				SUPPORTS_MACCATALYST = NO;
				SUPPORTS_MAC_DESIGNED_FOR_IPHONE_IPAD = NO;
				SUPPORTS_XR_DESIGNED_FOR_IPHONE_IPAD = NO;
				SWIFT_EMIT_LOC_STRINGS = YES;
				SWIFT_VERSION = 5.0;
				TARGETED_DEVICE_FAMILY = 1;
			};
			name = Release;
		};
		A1BE55A72D9AB26A00DE62D6 /* Debug */ = {
			isa = XCBuildConfiguration;
			buildSettings = {
				BUNDLE_LOADER = "$(TEST_HOST)";
				CODE_SIGN_STYLE = Automatic;
				CURRENT_PROJECT_VERSION = 1;
				DEVELOPMENT_TEAM = 8FKM9FB4PH;
				GENERATE_INFOPLIST_FILE = YES;
				MARKETING_VERSION = 1.0;
				PRODUCT_BUNDLE_IDENTIFIER = project.MunKanjiTests;
				PRODUCT_NAME = "$(TARGET_NAME)";
				SWIFT_EMIT_LOC_STRINGS = NO;
				SWIFT_VERSION = 5.0;
				TARGETED_DEVICE_FAMILY = "1,2";
				TEST_HOST = "$(BUILT_PRODUCTS_DIR)/MunKanji.app/$(BUNDLE_EXECUTABLE_FOLDER_PATH)/MunKanji";
			};
			name = Debug;
		};
		A1BE55A82D9AB26A00DE62D6 /* Release */ = {
			isa = XCBuildConfiguration;
			buildSettings = {
				BUNDLE_LOADER = "$(TEST_HOST)";
				CODE_SIGN_STYLE = Automatic;
				CURRENT_PROJECT_VERSION = 1;
				DEVELOPMENT_TEAM = 8FKM9FB4PH;
				GENERATE_INFOPLIST_FILE = YES;
				MARKETING_VERSION = 1.0;
				PRODUCT_BUNDLE_IDENTIFIER = project.MunKanjiTests;
				PRODUCT_NAME = "$(TARGET_NAME)";
				SWIFT_EMIT_LOC_STRINGS = NO;
				SWIFT_VERSION = 5.0;
				TARGETED_DEVICE_FAMILY = "1,2";
				TEST_HOST = "$(BUILT_PRODUCTS_DIR)/MunKanji.app/$(BUNDLE_EXECUTABLE_FOLDER_PATH)/MunKanji";
			};
			name = Release;
		};
/* End XCBuildConfiguration section */

/* Begin XCConfigurationList section */
		A18F651F2D93D4A2003C5C6E /* Build configuration list for PBXProject "MunKanji" */ = {
			isa = XCConfigurationList;
			buildConfigurations = (
				A18F65302D93D4A3003C5C6E /* Debug */,
				A18F65312D93D4A3003C5C6E /* Release */,
			);
			defaultConfigurationIsVisible = 0;
			defaultConfigurationName = Release;
		};
		A18F65322D93D4A3003C5C6E /* Build configuration list for PBXNativeTarget "MunKanji" */ = {
			isa = XCConfigurationList;
			buildConfigurations = (
				A18F65332D93D4A3003C5C6E /* Debug */,
				A18F65342D93D4A3003C5C6E /* Release */,
			);
			defaultConfigurationIsVisible = 0;
			defaultConfigurationName = Release;
		};
		A1BE55A62D9AB26A00DE62D6 /* Build configuration list for PBXNativeTarget "MunKanjiTests" */ = {
			isa = XCConfigurationList;
			buildConfigurations = (
				A1BE55A72D9AB26A00DE62D6 /* Debug */,
				A1BE55A82D9AB26A00DE62D6 /* Release */,
			);
			defaultConfigurationIsVisible = 0;
			defaultConfigurationName = Release;
		};
/* End XCConfigurationList section */
	};
	rootObject = A18F651C2D93D4A2003C5C6E /* Project object */;
}
